{
    "_readme": [
        "This file locks the dependencies of your project to a known state",
        "Read more about it at http://getcomposer.org/doc/01-basic-usage.md#composer-lock-the-lock-file",
        "This file is @generated automatically"
    ],
    "hash": "8c48a6784af7581913fda09fcfd4d59c",
    "packages": [
        {
            "name": "tburry/pquery",
            "version": "v1.0.1",
            "source": {
                "type": "git",
                "url": "https://github.com/tburry/pquery.git",
                "reference": "3e5592fb1874b36543616eac7b2d4e278ff8f7ba"
            },
            "dist": {
                "type": "zip",
                "url": "https://api.github.com/repos/tburry/pquery/zipball/3e5592fb1874b36543616eac7b2d4e278ff8f7ba",
                "reference": "3e5592fb1874b36543616eac7b2d4e278ff8f7ba",
                "shasum": ""
            },
            "require": {
                "php": ">=5.3.0"
            },
            "require-dev": {
                "htmlawed/htmlawed": "dev-master"
            },
            "type": "library",
            "autoload": {
                "classmap": [
                    "IQuery.php",
                    "gan_formatter.php",
                    "gan_node_html.php",
                    "gan_parser_html.php",
                    "gan_selector_html.php",
                    "gan_tokenizer.php",
                    "gan_xml2array.php",
                    "pQuery.php"
                ]
            },
            "notification-url": "https://packagist.org/downloads/",
            "license": [
                "LGPL-2.1"
            ],
            "authors": [
                {
                    "name": "Todd Burry",
                    "email": "todd@vanillaforums.com",
                    "role": "Developer"
                }
            ],
            "description": "A jQuery like html dom parser written in php.",
            "keywords": [
                "dom",
                "ganon",
                "php"
            ],
            "time": "2014-01-08 03:25:59"
        }
    ],
    "packages-dev": [
        {
            "name": "erusev/parsedown",
            "version": "1.0.1",
            "source": {
                "type": "git",
                "url": "https://github.com/erusev/parsedown.git",
                "reference": "d24439ada0704948deef0d3eda2ea20fd8db1747"
            },
            "dist": {
                "type": "zip",
                "url": "https://api.github.com/repos/erusev/parsedown/zipball/d24439ada0704948deef0d3eda2ea20fd8db1747",
                "reference": "d24439ada0704948deef0d3eda2ea20fd8db1747",
                "shasum": ""
            },
            "type": "library",
            "autoload": {
                "psr-0": {
                    "Parsedown": ""
                }
            },
            "notification-url": "https://packagist.org/downloads/",
            "license": [
                "MIT"
            ],
            "authors": [
                {
                    "name": "Emanuil Rusev",
                    "email": "hello@erusev.com",
                    "homepage": "http://erusev.com"
                }
            ],
            "description": "Parser for Markdown.",
            "homepage": "http://parsedown.org",
            "keywords": [
                "markdown",
                "parser"
            ],
            "time": "2014-05-21 20:20:46"
        },
        {
            "name": "vanilla/htmlawed",
            "version": "v1.0.1",
            "source": {
                "type": "git",
                "url": "https://github.com/vanilla/htmlawed.git",
                "reference": "f68d23c792d1ed28e7a18040e2357407935b588b"
            },
            "dist": {
                "type": "zip",
                "url": "https://api.github.com/repos/vanilla/htmlawed/zipball/f68d23c792d1ed28e7a18040e2357407935b588b",
                "reference": "f68d23c792d1ed28e7a18040e2357407935b588b",
                "shasum": ""
            },
            "require": {
                "php": ">=5.4.0"
            },
            "require-dev": {
                "tburry/pquery": "~1.0.1"
            },
            "type": "library",
            "autoload": {
                "psr-4": {
                    "Htmlawed\\": "src"
                }
            },
            "notification-url": "https://packagist.org/downloads/",
            "license": [
                "MIT"
            ],
            "authors": [
                {
                    "name": "Todd Burry",
                    "email": "todd@vanillaforums.com",
                    "role": "Developer"
                }
            ],
            "description": "A composer wrapper for the htmLawed library to purify & filter HTML.",
            "time": "2014-07-16 02:40:31"
        }
    ],
    "aliases": [],
    "minimum-stability": "stable",
    "stability-flags": [],
    "platform": {
        "php": ">=5.4.0"
    },
    "platform-dev": []
}
